
Microsoft Visual Studio Solution File, Format Version 12.00
# Visual Studio 15
VisualStudioVersion = 15.0.28307.705
MinimumVisualStudioVersion = 10.0.40219.1
Project("{FAE04EC0-301F-11D3-BF4B-00C04F79EFBC}") = "gdidrop", "gdidrop\gdidrop.csproj", "{18F08281-7B29-4266-B330-DE3327B4CA8A}"
EndProject
Global
	GlobalSection(SolutionConfigurationPlatforms) = preSolution
		Debug|Any CPU = Debug|Any CPU
		Release|Any CPU = Release|Any CPU
	EndGlobalSection
	GlobalSection(ProjectConfigurationPlatforms) = postSolution
		{18F08281-7B29-4266-B330-DE3327B4CA8A}.Debug|Any CPU.ActiveCfg = Debug|Any CPU
		{18F08281-7B29-4266-B330-DE3327B4CA8A}.Debug|Any CPU.Build.0 = Debug|Any CPU
		{18F08281-7B29-4266-B330-DE3327B4CA8A}.Release|Any CPU.ActiveCfg = Release|Any CPU
		{18F08281-7B29-4266-B330-DE3327B4CA8A}.Release|Any CPU.Build.0 = Release|Any CPU
	EndGlobalSection
	GlobalSection(SolutionProperties) = preSolution
		HideSolutionNode = FALSE
	EndGlobalSection
	GlobalSection(ExtensibilityGlobals) = postSolution
		SolutionGuid = {2C5FCC0F-1855-49E7-98D4-401C671CCCAE}
	EndGlobalSection
EndGlobal
